
Microsoft Visual Studio Solution File, Format Version 12.00
# Visual Studio 15
VisualStudioVersion = 15.0.28010.2016
MinimumVisualStudioVersion = 10.0.40219.1
Project("{8BC9CEB8-8B4A-11D0-8D11-00A0C91BC942}") = "Coin_Change_DP", "Coin_Change_DP\Coin_Change_DP.vcxproj", "{3E0C3117-AFAD-4EF5-A146-4C30C432C5B0}"
EndProject
Project("{8BC9CEB8-8B4A-11D0-8D11-00A0C91BC942}") = "Knapsack", "Knapsack\Knapsack.vcxproj", "{32733CE7-C92F-48A6-8712-85216E3A7AB0}"
EndProject
Global
	GlobalSection(SolutionConfigurationPlatforms) = preSolution
		Debug|x64 = Debug|x64
		Debug|x86 = Debug|x86
		Release|x64 = Release|x64
		Release|x86 = Release|x86
	EndGlobalSection
	GlobalSection(ProjectConfigurationPlatforms) = postSolution
		{3E0C3117-AFAD-4EF5-A146-4C30C432C5B0}.Debug|x64.ActiveCfg = Debug|x64
		{3E0C3117-AFAD-4EF5-A146-4C30C432C5B0}.Debug|x64.Build.0 = Debug|x64
		{3E0C3117-AFAD-4EF5-A146-4C30C432C5B0}.Debug|x86.ActiveCfg = Debug|Win32
		{3E0C3117-AFAD-4EF5-A146-4C30C432C5B0}.Debug|x86.Build.0 = Debug|Win32
		{3E0C3117-AFAD-4EF5-A146-4C30C432C5B0}.Release|x64.ActiveCfg = Release|x64
		{3E0C3117-AFAD-4EF5-A146-4C30C432C5B0}.Release|x64.Build.0 = Release|x64
		{3E0C3117-AFAD-4EF5-A146-4C30C432C5B0}.Release|x86.ActiveCfg = Release|Win32
		{3E0C3117-AFAD-4EF5-A146-4C30C432C5B0}.Release|x86.Build.0 = Release|Win32
		{32733CE7-C92F-48A6-8712-85216E3A7AB0}.Debug|x64.ActiveCfg = Debug|x64
		{32733CE7-C92F-48A6-8712-85216E3A7AB0}.Debug|x64.Build.0 = Debug|x64
		{32733CE7-C92F-48A6-8712-85216E3A7AB0}.Debug|x86.ActiveCfg = Debug|Win32
		{32733CE7-C92F-48A6-8712-85216E3A7AB0}.Debug|x86.Build.0 = Debug|Win32
		{32733CE7-C92F-48A6-8712-85216E3A7AB0}.Release|x64.ActiveCfg = Release|x64
		{32733CE7-C92F-48A6-8712-85216E3A7AB0}.Release|x64.Build.0 = Release|x64
		{32733CE7-C92F-48A6-8712-85216E3A7AB0}.Release|x86.ActiveCfg = Release|Win32
		{32733CE7-C92F-48A6-8712-85216E3A7AB0}.Release|x86.Build.0 = Release|Win32
	EndGlobalSection
	GlobalSection(SolutionProperties) = preSolution
		HideSolutionNode = FALSE
	EndGlobalSection
	GlobalSection(ExtensibilityGlobals) = postSolution
		SolutionGuid = {D435C963-056A-4731-A24C-DE60BFEE4C2A}
	EndGlobalSection
EndGlobal
